
Microsoft Visual Studio Solution File, Format Version 12.00
# Visual Studio Version 17
VisualStudioVersion = 17.8.34330.188
MinimumVisualStudioVersion = 10.0.40219.1
Project("{FAE04EC0-301F-11D3-BF4B-00C04F79EFBC}") = "ProiectDAW_IP", "ProiectDAW_IP\ProiectDAW_IP.csproj", "{32DE9151-2435-4972-9EF6-41CD9EE29D63}"
EndProject
Global
	GlobalSection(SolutionConfigurationPlatforms) = preSolution
		Debug|Any CPU = Debug|Any CPU
		Release|Any CPU = Release|Any CPU
	EndGlobalSection
	GlobalSection(ProjectConfigurationPlatforms) = postSolution
		{32DE9151-2435-4972-9EF6-41CD9EE29D63}.Debug|Any CPU.ActiveCfg = Debug|Any CPU
		{32DE9151-2435-4972-9EF6-41CD9EE29D63}.Debug|Any CPU.Build.0 = Debug|Any CPU
		{32DE9151-2435-4972-9EF6-41CD9EE29D63}.Release|Any CPU.ActiveCfg = Release|Any CPU
		{32DE9151-2435-4972-9EF6-41CD9EE29D63}.Release|Any CPU.Build.0 = Release|Any CPU
	EndGlobalSection
	GlobalSection(SolutionProperties) = preSolution
		HideSolutionNode = FALSE
	EndGlobalSection
	GlobalSection(ExtensibilityGlobals) = postSolution
		SolutionGuid = {0D390004-7940-4763-90A4-B96DA5B4D8DF}
	EndGlobalSection
EndGlobal
